// !$*UTF8*$!
{
	archiveVersion = 1;
	classes = {
	};
	objectVersion = 56;
	objects = {

/* Begin PBXBuildFile section */
		5B2C9A58292C549900AE4007 /* TCA_TestApp.swift in Sources */ = {isa = PBXBuildFile; fileRef = 5B2C9A57292C549900AE4007 /* TCA_TestApp.swift */; };
		5B2C9A5A292C549900AE4007 /* CounterView.swift in Sources */ = {isa = PBXBuildFile; fileRef = 5B2C9A59292C549900AE4007 /* CounterView.swift */; };
		5B2C9A5C292C549B00AE4007 /* Assets.xcassets in Resources */ = {isa = PBXBuildFile; fileRef = 5B2C9A5B292C549B00AE4007 /* Assets.xcassets */; };
		5B2C9A5F292C549B00AE4007 /* Preview Assets.xcassets in Resources */ = {isa = PBXBuildFile; fileRef = 5B2C9A5E292C549B00AE4007 /* Preview Assets.xcassets */; };
		5B2C9A69292C549B00AE4007 /* TCA_TestTests.swift in Sources */ = {isa = PBXBuildFile; fileRef = 5B2C9A68292C549B00AE4007 /* TCA_TestTests.swift */; };
		5B2C9A73292C549C00AE4007 /* TCA_TestUITests.swift in Sources */ = {isa = PBXBuildFile; fileRef = 5B2C9A72292C549C00AE4007 /* TCA_TestUITests.swift */; };
		5B2C9A75292C549C00AE4007 /* TCA_TestUITestsLaunchTests.swift in Sources */ = {isa = PBXBuildFile; fileRef = 5B2C9A74292C549C00AE4007 /* TCA_TestUITestsLaunchTests.swift */; };
		5B2C9A83292C554000AE4007 /* ComposableArchitecture in Frameworks */ = {isa = PBXBuildFile; productRef = 5B2C9A82292C554000AE4007 /* ComposableArchitecture */; };
		5B2C9A85292C554000AE4007 /* Dependencies in Frameworks */ = {isa = PBXBuildFile; productRef = 5B2C9A84292C554000AE4007 /* Dependencies */; };
		5B2C9A88292C555C00AE4007 /* TCACoordinators in Frameworks */ = {isa = PBXBuildFile; productRef = 5B2C9A87292C555C00AE4007 /* TCACoordinators */; };
		5B2C9A8A292C6A2E00AE4007 /* Todo.swift in Sources */ = {isa = PBXBuildFile; fileRef = 5B2C9A89292C6A2E00AE4007 /* Todo.swift */; };
		5B2C9A8C292C71F000AE4007 /* Todos.swift in Sources */ = {isa = PBXBuildFile; fileRef = 5B2C9A8B292C71F000AE4007 /* Todos.swift */; };
/* End PBXBuildFile section */

/* Begin PBXContainerItemProxy section */
		5B2C9A65292C549B00AE4007 /* PBXContainerItemProxy */ = {
			isa = PBXContainerItemProxy;
			containerPortal = 5B2C9A4C292C549900AE4007 /* Project object */;
			proxyType = 1;
			remoteGlobalIDString = 5B2C9A53292C549900AE4007;
			remoteInfo = TCA_Test;
		};
		5B2C9A6F292C549C00AE4007 /* PBXContainerItemProxy */ = {
			isa = PBXContainerItemProxy;
			containerPortal = 5B2C9A4C292C549900AE4007 /* Project object */;
			proxyType = 1;
			remoteGlobalIDString = 5B2C9A53292C549900AE4007;
			remoteInfo = TCA_Test;
		};
/* End PBXContainerItemProxy section */

/* Begin PBXFileReference section */
		5B2C9A54292C549900AE4007 /* TCA_Test.app */ = {isa = PBXFileReference; explicitFileType = wrapper.application; includeInIndex = 0; path = TCA_Test.app; sourceTree = BUILT_PRODUCTS_DIR; };
		5B2C9A57292C549900AE4007 /* TCA_TestApp.swift */ = {isa = PBXFileReference; lastKnownFileType = sourcecode.swift; path = TCA_TestApp.swift; sourceTree = "<group>"; };
		5B2C9A59292C549900AE4007 /* CounterView.swift */ = {isa = PBXFileReference; lastKnownFileType = sourcecode.swift; path = CounterView.swift; sourceTree = "<group>"; };
		5B2C9A5B292C549B00AE4007 /* Assets.xcassets */ = {isa = PBXFileReference; lastKnownFileType = folder.assetcatalog; path = Assets.xcassets; sourceTree = "<group>"; };
		5B2C9A5E292C549B00AE4007 /* Preview Assets.xcassets */ = {isa = PBXFileReference; lastKnownFileType = folder.assetcatalog; path = "Preview Assets.xcassets"; sourceTree = "<group>"; };
		5B2C9A64292C549B00AE4007 /* TCA_TestTests.xctest */ = {isa = PBXFileReference; explicitFileType = wrapper.cfbundle; includeInIndex = 0; path = TCA_TestTests.xctest; sourceTree = BUILT_PRODUCTS_DIR; };
		5B2C9A68292C549B00AE4007 /* TCA_TestTests.swift */ = {isa = PBXFileReference; lastKnownFileType = sourcecode.swift; path = TCA_TestTests.swift; sourceTree = "<group>"; };
		5B2C9A6E292C549C00AE4007 /* TCA_TestUITests.xctest */ = {isa = PBXFileReference; explicitFileType = wrapper.cfbundle; includeInIndex = 0; path = TCA_TestUITests.xctest; sourceTree = BUILT_PRODUCTS_DIR; };
		5B2C9A72292C549C00AE4007 /* TCA_TestUITests.swift */ = {isa = PBXFileReference; lastKnownFileType = sourcecode.swift; path = TCA_TestUITests.swift; sourceTree = "<group>"; };
		5B2C9A74292C549C00AE4007 /* TCA_TestUITestsLaunchTests.swift */ = {isa = PBXFileReference; lastKnownFileType = sourcecode.swift; path = TCA_TestUITestsLaunchTests.swift; sourceTree = "<group>"; };
		5B2C9A89292C6A2E00AE4007 /* Todo.swift */ = {isa = PBXFileReference; lastKnownFileType = sourcecode.swift; path = Todo.swift; sourceTree = "<group>"; };
		5B2C9A8B292C71F000AE4007 /* Todos.swift */ = {isa = PBXFileReference; lastKnownFileType = sourcecode.swift; path = Todos.swift; sourceTree = "<group>"; };
/* End PBXFileReference section */

/* Begin PBXFrameworksBuildPhase section */
		5B2C9A51292C549900AE4007 /* Frameworks */ = {
			isa = PBXFrameworksBuildPhase;
			buildActionMask = 2147483647;
			files = (
				5B2C9A83292C554000AE4007 /* ComposableArchitecture in Frameworks */,
				5B2C9A88292C555C00AE4007 /* TCACoordinators in Frameworks */,
				5B2C9A85292C554000AE4007 /* Dependencies in Frameworks */,
			);
			runOnlyForDeploymentPostprocessing = 0;
		};
		5B2C9A61292C549B00AE4007 /* Frameworks */ = {
			isa = PBXFrameworksBuildPhase;
			buildActionMask = 2147483647;
			files = (
			);
			runOnlyForDeploymentPostprocessing = 0;
		};
		5B2C9A6B292C549B00AE4007 /* Frameworks */ = {
			isa = PBXFrameworksBuildPhase;
			buildActionMask = 2147483647;
			files = (
			);
			runOnlyForDeploymentPostprocessing = 0;
		};
/* End PBXFrameworksBuildPhase section */

/* Begin PBXGroup section */
		5B2C9A4B292C549900AE4007 = {
			isa = PBXGroup;
			children = (
				5B2C9A56292C549900AE4007 /* TCA_Test */,
				5B2C9A67292C549B00AE4007 /* TCA_TestTests */,
				5B2C9A71292C549C00AE4007 /* TCA_TestUITests */,
				5B2C9A55292C549900AE4007 /* Products */,
			);
			sourceTree = "<group>";
		};
		5B2C9A55292C549900AE4007 /* Products */ = {
			isa = PBXGroup;
			children = (
				5B2C9A54292C549900AE4007 /* TCA_Test.app */,
				5B2C9A64292C549B00AE4007 /* TCA_TestTests.xctest */,
				5B2C9A6E292C549C00AE4007 /* TCA_TestUITests.xctest */,
			);
			name = Products;
			sourceTree = "<group>";
		};
		5B2C9A56292C549900AE4007 /* TCA_Test */ = {
			isa = PBXGroup;
			children = (
				5B2C9A57292C549900AE4007 /* TCA_TestApp.swift */,
				5B2C9A59292C549900AE4007 /* CounterView.swift */,
				5B2C9A89292C6A2E00AE4007 /* Todo.swift */,
				5B2C9A8B292C71F000AE4007 /* Todos.swift */,
				5B2C9A5B292C549B00AE4007 /* Assets.xcassets */,
				5B2C9A5D292C549B00AE4007 /* Preview Content */,
			);
			path = TCA_Test;
			sourceTree = "<group>";
		};
		5B2C9A5D292C549B00AE4007 /* Preview Content */ = {
			isa = PBXGroup;
			children = (
				5B2C9A5E292C549B00AE4007 /* Preview Assets.xcassets */,
			);
			path = "Preview Content";
			sourceTree = "<group>";
		};
		5B2C9A67292C549B00AE4007 /* TCA_TestTests */ = {
			isa = PBXGroup;
			children = (
				5B2C9A68292C549B00AE4007 /* TCA_TestTests.swift */,
			);
			path = TCA_TestTests;
			sourceTree = "<group>";
		};
		5B2C9A71292C549C00AE4007 /* TCA_TestUITests */ = {
			isa = PBXGroup;
			children = (
				5B2C9A72292C549C00AE4007 /* TCA_TestUITests.swift */,
				5B2C9A74292C549C00AE4007 /* TCA_TestUITestsLaunchTests.swift */,
			);
			path = TCA_TestUITests;
			sourceTree = "<group>";
		};
/* End PBXGroup section */

/* Begin PBXNativeTarget section */
		5B2C9A53292C549900AE4007 /* TCA_Test */ = {
			isa = PBXNativeTarget;
			buildConfigurationList = 5B2C9A78292C549C00AE4007 /* Build configuration list for PBXNativeTarget "TCA_Test" */;
			buildPhases = (
				5B2C9A50292C549900AE4007 /* Sources */,
				5B2C9A51292C549900AE4007 /* Frameworks */,
				5B2C9A52292C549900AE4007 /* Resources */,
			);
			buildRules = (
			);
			dependencies = (
			);
			name = TCA_Test;
			packageProductDependencies = (
				5B2C9A82292C554000AE4007 /* ComposableArchitecture */,
				5B2C9A84292C554000AE4007 /* Dependencies */,
				5B2C9A87292C555C00AE4007 /* TCACoordinators */,
			);
			productName = TCA_Test;
			productReference = 5B2C9A54292C549900AE4007 /* TCA_Test.app */;
			productType = "com.apple.product-type.application";
		};
		5B2C9A63292C549B00AE4007 /* TCA_TestTests */ = {
			isa = PBXNativeTarget;
			buildConfigurationList = 5B2C9A7B292C549C00AE4007 /* Build configuration list for PBXNativeTarget "TCA_TestTests" */;
			buildPhases = (
				5B2C9A60292C549B00AE4007 /* Sources */,
				5B2C9A61292C549B00AE4007 /* Frameworks */,
				5B2C9A62292C549B00AE4007 /* Resources */,
			);
			buildRules = (
			);
			dependencies = (
				5B2C9A66292C549B00AE4007 /* PBXTargetDependency */,
			);
			name = TCA_TestTests;
			productName = TCA_TestTests;
			productReference = 5B2C9A64292C549B00AE4007 /* TCA_TestTests.xctest */;
			productType = "com.apple.product-type.bundle.unit-test";
		};
		5B2C9A6D292C549B00AE4007 /* TCA_TestUITests */ = {
			isa = PBXNativeTarget;
			buildConfigurationList = 5B2C9A7E292C549C00AE4007 /* Build configuration list for PBXNativeTarget "TCA_TestUITests" */;
			buildPhases = (
				5B2C9A6A292C549B00AE4007 /* Sources */,
				5B2C9A6B292C549B00AE4007 /* Frameworks */,
				5B2C9A6C292C549B00AE4007 /* Resources */,
			);
			buildRules = (
			);
			dependencies = (
				5B2C9A70292C549C00AE4007 /* PBXTargetDependency */,
			);
			name = TCA_TestUITests;
			productName = TCA_TestUITests;
			productReference = 5B2C9A6E292C549C00AE4007 /* TCA_TestUITests.xctest */;
			productType = "com.apple.product-type.bundle.ui-testing";
		};
/* End PBXNativeTarget section */

/* Begin PBXProject section */
		5B2C9A4C292C549900AE4007 /* Project object */ = {
			isa = PBXProject;
			attributes = {
				BuildIndependentTargetsInParallel = 1;
				LastSwiftUpdateCheck = 1410;
				LastUpgradeCheck = 1410;
				TargetAttributes = {
					5B2C9A53292C549900AE4007 = {
						CreatedOnToolsVersion = 14.1;
					};
					5B2C9A63292C549B00AE4007 = {
						CreatedOnToolsVersion = 14.1;
						TestTargetID = 5B2C9A53292C549900AE4007;
					};
					5B2C9A6D292C549B00AE4007 = {
						CreatedOnToolsVersion = 14.1;
						TestTargetID = 5B2C9A53292C549900AE4007;
					};
				};
			};
			buildConfigurationList = 5B2C9A4F292C549900AE4007 /* Build configuration list for PBXProject "TCA_Test" */;
			compatibilityVersion = "Xcode 14.0";
			developmentRegion = en;
			hasScannedForEncodings = 0;
			knownRegions = (
				en,
				Base,
			);
			mainGroup = 5B2C9A4B292C549900AE4007;
			packageReferences = (
				5B2C9A81292C554000AE4007 /* XCRemoteSwiftPackageReference "swift-composable-architecture" */,
				5B2C9A86292C555C00AE4007 /* XCRemoteSwiftPackageReference "TCACoordinators" */,
			);
			productRefGroup = 5B2C9A55292C549900AE4007 /* Products */;
			projectDirPath = "";
			projectRoot = "";
			targets = (
				5B2C9A53292C549900AE4007 /* TCA_Test */,
				5B2C9A63292C549B00AE4007 /* TCA_TestTests */,
				5B2C9A6D292C549B00AE4007 /* TCA_TestUITests */,
			);
		};
/* End PBXProject section */

/* Begin PBXResourcesBuildPhase section */
		5B2C9A52292C549900AE4007 /* Resources */ = {
			isa = PBXResourcesBuildPhase;
			buildActionMask = 2147483647;
			files = (
				5B2C9A5F292C549B00AE4007 /* Preview Assets.xcassets in Resources */,
				5B2C9A5C292C549B00AE4007 /* Assets.xcassets in Resources */,
			);
			runOnlyForDeploymentPostprocessing = 0;
		};
		5B2C9A62292C549B00AE4007 /* Resources */ = {
			isa = PBXResourcesBuildPhase;
			buildActionMask = 2147483647;
			files = (
			);
			runOnlyForDeploymentPostprocessing = 0;
		};
		5B2C9A6C292C549B00AE4007 /* Resources */ = {
			isa = PBXResourcesBuildPhase;
			buildActionMask = 2147483647;
			files = (
			);
			runOnlyForDeploymentPostprocessing = 0;
		};
/* End PBXResourcesBuildPhase section */

/* Begin PBXSourcesBuildPhase section */
		5B2C9A50292C549900AE4007 /* Sources */ = {
			isa = PBXSourcesBuildPhase;
			buildActionMask = 2147483647;
			files = (
				5B2C9A5A292C549900AE4007 /* CounterView.swift in Sources */,
				5B2C9A8A292C6A2E00AE4007 /* Todo.swift in Sources */,
				5B2C9A58292C549900AE4007 /* TCA_TestApp.swift in Sources */,
				5B2C9A8C292C71F000AE4007 /* Todos.swift in Sources */,
			);
			runOnlyForDeploymentPostprocessing = 0;
		};
		5B2C9A60292C549B00AE4007 /* Sources */ = {
			isa = PBXSourcesBuildPhase;
			buildActionMask = 2147483647;
			files = (
				5B2C9A69292C549B00AE4007 /* TCA_TestTests.swift in Sources */,
			);
			runOnlyForDeploymentPostprocessing = 0;
		};
		5B2C9A6A292C549B00AE4007 /* Sources */ = {
			isa = PBXSourcesBuildPhase;
			buildActionMask = 2147483647;
			files = (
				5B2C9A75292C549C00AE4007 /* TCA_TestUITestsLaunchTests.swift in Sources */,
				5B2C9A73292C549C00AE4007 /* TCA_TestUITests.swift in Sources */,
			);
			runOnlyForDeploymentPostprocessing = 0;
		};
/* End PBXSourcesBuildPhase section */

/* Begin PBXTargetDependency section */
		5B2C9A66292C549B00AE4007 /* PBXTargetDependency */ = {
			isa = PBXTargetDependency;
			target = 5B2C9A53292C549900AE4007 /* TCA_Test */;
			targetProxy = 5B2C9A65292C549B00AE4007 /* PBXContainerItemProxy */;
		};
		5B2C9A70292C549C00AE4007 /* PBXTargetDependency */ = {
			isa = PBXTargetDependency;
			target = 5B2C9A53292C549900AE4007 /* TCA_Test */;
			targetProxy = 5B2C9A6F292C549C00AE4007 /* PBXContainerItemProxy */;
		};
/* End PBXTargetDependency section */

/* Begin XCBuildConfiguration section */
		5B2C9A76292C549C00AE4007 /* Debug */ = {
			isa = XCBuildConfiguration;
			buildSettings = {
				ALWAYS_SEARCH_USER_PATHS = NO;
				CLANG_ANALYZER_NONNULL = YES;
				CLANG_ANALYZER_NUMBER_OBJECT_CONVERSION = YES_AGGRESSIVE;
				CLANG_CXX_LANGUAGE_STANDARD = "gnu++20";
				CLANG_ENABLE_MODULES = YES;
				CLANG_ENABLE_OBJC_ARC = YES;
				CLANG_ENABLE_OBJC_WEAK = YES;
				CLANG_WARN_BLOCK_CAPTURE_AUTORELEASING = YES;
				CLANG_WARN_BOOL_CONVERSION = YES;
				CLANG_WARN_COMMA = YES;
				CLANG_WARN_CONSTANT_CONVERSION = YES;
				CLANG_WARN_DEPRECATED_OBJC_IMPLEMENTATIONS = YES;
				CLANG_WARN_DIRECT_OBJC_ISA_USAGE = YES_ERROR;
				CLANG_WARN_DOCUMENTATION_COMMENTS = YES;
				CLANG_WARN_EMPTY_BODY = YES;
				CLANG_WARN_ENUM_CONVERSION = YES;
				CLANG_WARN_INFINITE_RECURSION = YES;
				CLANG_WARN_INT_CONVERSION = YES;
				CLANG_WARN_NON_LITERAL_NULL_CONVERSION = YES;
				CLANG_WARN_OBJC_IMPLICIT_RETAIN_SELF = YES;
				CLANG_WARN_OBJC_LITERAL_CONVERSION = YES;
				CLANG_WARN_OBJC_ROOT_CLASS = YES_ERROR;
				CLANG_WARN_QUOTED_INCLUDE_IN_FRAMEWORK_HEADER = YES;
				CLANG_WARN_RANGE_LOOP_ANALYSIS = YES;
				CLANG_WARN_STRICT_PROTOTYPES = YES;
				CLANG_WARN_SUSPICIOUS_MOVE = YES;
				CLANG_WARN_UNGUARDED_AVAILABILITY = YES_AGGRESSIVE;
				CLANG_WARN_UNREACHABLE_CODE = YES;
				CLANG_WARN__DUPLICATE_METHOD_MATCH = YES;
				COPY_PHASE_STRIP = NO;
				DEBUG_INFORMATION_FORMAT = dwarf;
				ENABLE_STRICT_OBJC_MSGSEND = YES;
				ENABLE_TESTABILITY = YES;
				GCC_C_LANGUAGE_STANDARD = gnu11;
				GCC_DYNAMIC_NO_PIC = NO;
				GCC_NO_COMMON_BLOCKS = YES;
				GCC_OPTIMIZATION_LEVEL = 0;
				GCC_PREPROCESSOR_DEFINITIONS = (
					"DEBUG=1",
					"$(inherited)",
				);
				GCC_WARN_64_TO_32_BIT_CONVERSION = YES;
				GCC_WARN_ABOUT_RETURN_TYPE = YES_ERROR;
				GCC_WARN_UNDECLARED_SELECTOR = YES;
				GCC_WARN_UNINITIALIZED_AUTOS = YES_AGGRESSIVE;
				GCC_WARN_UNUSED_FUNCTION = YES;
				GCC_WARN_UNUSED_VARIABLE = YES;
				IPHONEOS_DEPLOYMENT_TARGET = 16.1;
				MTL_ENABLE_DEBUG_INFO = INCLUDE_SOURCE;
				MTL_FAST_MATH = YES;
				ONLY_ACTIVE_ARCH = YES;
				SDKROOT = iphoneos;
				SWIFT_ACTIVE_COMPILATION_CONDITIONS = DEBUG;
				SWIFT_OPTIMIZATION_LEVEL = "-Onone";
			};
			name = Debug;
		};
		5B2C9A77292C549C00AE4007 /* Release */ = {
			isa = XCBuildConfiguration;
			buildSettings = {
				ALWAYS_SEARCH_USER_PATHS = NO;
				CLANG_ANALYZER_NONNULL = YES;
				CLANG_ANALYZER_NUMBER_OBJECT_CONVERSION = YES_AGGRESSIVE;
				CLANG_CXX_LANGUAGE_STANDARD = "gnu++20";
				CLANG_ENABLE_MODULES = YES;
				CLANG_ENABLE_OBJC_ARC = YES;
				CLANG_ENABLE_OBJC_WEAK = YES;
				CLANG_WARN_BLOCK_CAPTURE_AUTORELEASING = YES;
				CLANG_WARN_BOOL_CONVERSION = YES;
				CLANG_WARN_COMMA = YES;
				CLANG_WARN_CONSTANT_CONVERSION = YES;
				CLANG_WARN_DEPRECATED_OBJC_IMPLEMENTATIONS = YES;
				CLANG_WARN_DIRECT_OBJC_ISA_USAGE = YES_ERROR;
				CLANG_WARN_DOCUMENTATION_COMMENTS = YES;
				CLANG_WARN_EMPTY_BODY = YES;
				CLANG_WARN_ENUM_CONVERSION = YES;
				CLANG_WARN_INFINITE_RECURSION = YES;
				CLANG_WARN_INT_CONVERSION = YES;
				CLANG_WARN_NON_LITERAL_NULL_CONVERSION = YES;
				CLANG_WARN_OBJC_IMPLICIT_RETAIN_SELF = YES;
				CLANG_WARN_OBJC_LITERAL_CONVERSION = YES;
				CLANG_WARN_OBJC_ROOT_CLASS = YES_ERROR;
				CLANG_WARN_QUOTED_INCLUDE_IN_FRAMEWORK_HEADER = YES;
				CLANG_WARN_RANGE_LOOP_ANALYSIS = YES;
				CLANG_WARN_STRICT_PROTOTYPES = YES;
				CLANG_WARN_SUSPICIOUS_MOVE = YES;
				CLANG_WARN_UNGUARDED_AVAILABILITY = YES_AGGRESSIVE;
				CLANG_WARN_UNREACHABLE_CODE = YES;
				CLANG_WARN__DUPLICATE_METHOD_MATCH = YES;
				COPY_PHASE_STRIP = NO;
				DEBUG_INFORMATION_FORMAT = "dwarf-with-dsym";
				ENABLE_NS_ASSERTIONS = NO;
				ENABLE_STRICT_OBJC_MSGSEND = YES;
				GCC_C_LANGUAGE_STANDARD = gnu11;
				GCC_NO_COMMON_BLOCKS = YES;
				GCC_WARN_64_TO_32_BIT_CONVERSION = YES;
				GCC_WARN_ABOUT_RETURN_TYPE = YES_ERROR;
				GCC_WARN_UNDECLARED_SELECTOR = YES;
				GCC_WARN_UNINITIALIZED_AUTOS = YES_AGGRESSIVE;
				GCC_WARN_UNUSED_FUNCTION = YES;
				GCC_WARN_UNUSED_VARIABLE = YES;
				IPHONEOS_DEPLOYMENT_TARGET = 16.1;
				MTL_ENABLE_DEBUG_INFO = NO;
				MTL_FAST_MATH = YES;
				SDKROOT = iphoneos;
				SWIFT_COMPILATION_MODE = wholemodule;
				SWIFT_OPTIMIZATION_LEVEL = "-O";
				VALIDATE_PRODUCT = YES;
			};
			name = Release;
		};
		5B2C9A79292C549C00AE4007 /* Debug */ = {
			isa = XCBuildConfiguration;
			buildSettings = {
				ASSETCATALOG_COMPILER_APPICON_NAME = AppIcon;
				ASSETCATALOG_COMPILER_GLOBAL_ACCENT_COLOR_NAME = AccentColor;
				CODE_SIGN_STYLE = Automatic;
				CURRENT_PROJECT_VERSION = 22112201;
				DEVELOPMENT_ASSET_PATHS = "\"TCA_Test/Preview Content\"";
				DEVELOPMENT_TEAM = R8V4BKKVQ5;
				ENABLE_PREVIEWS = YES;
				GENERATE_INFOPLIST_FILE = YES;
				INFOPLIST_KEY_UIApplicationSceneManifest_Generation = YES;
				INFOPLIST_KEY_UIApplicationSupportsIndirectInputEvents = YES;
				INFOPLIST_KEY_UILaunchScreen_Generation = YES;
				INFOPLIST_KEY_UISupportedInterfaceOrientations_iPad = "UIInterfaceOrientationPortrait UIInterfaceOrientationPortraitUpsideDown UIInterfaceOrientationLandscapeLeft UIInterfaceOrientationLandscapeRight";
				INFOPLIST_KEY_UISupportedInterfaceOrientations_iPhone = "UIInterfaceOrientationPortrait UIInterfaceOrientationLandscapeLeft UIInterfaceOrientationLandscapeRight";
				IPHONEOS_DEPLOYMENT_TARGET = 15.0;
				LD_RUNPATH_SEARCH_PATHS = (
					"$(inherited)",
					"@executable_path/Frameworks",
				);
				MARKETING_VERSION = 1.0.1;
				PRODUCT_BUNDLE_IDENTIFIER = "kr.co.markcloud.TCA-Test";
				PRODUCT_NAME = "$(TARGET_NAME)";
				SUPPORTED_PLATFORMS = "iphoneos iphonesimulator";
				SUPPORTS_MACCATALYST = NO;
				SUPPORTS_MAC_DESIGNED_FOR_IPHONE_IPAD = NO;
				SWIFT_EMIT_LOC_STRINGS = YES;
				SWIFT_VERSION = 5.0;
				TARGETED_DEVICE_FAMILY = "1,2";
			};
			name = Debug;
		};
		5B2C9A7A292C549C00AE4007 /* Release */ = {
			isa = XCBuildConfiguration;
			buildSettings = {
				ASSETCATALOG_COMPILER_APPICON_NAME = AppIcon;
				ASSETCATALOG_COMPILER_GLOBAL_ACCENT_COLOR_NAME = AccentColor;
				CODE_SIGN_STYLE = Automatic;
				CURRENT_PROJECT_VERSION = 22112201;
				DEVELOPMENT_ASSET_PATHS = "\"TCA_Test/Preview Content\"";
				DEVELOPMENT_TEAM = R8V4BKKVQ5;
				ENABLE_PREVIEWS = YES;
				GENERATE_INFOPLIST_FILE = YES;
				INFOPLIST_KEY_UIApplicationSceneManifest_Generation = YES;
				INFOPLIST_KEY_UIApplicationSupportsIndirectInputEvents = YES;
				INFOPLIST_KEY_UILaunchScreen_Generation = YES;
				INFOPLIST_KEY_UISupportedInterfaceOrientations_iPad = "UIInterfaceOrientationPortrait UIInterfaceOrientationPortraitUpsideDown UIInterfaceOrientationLandscapeLeft UIInterfaceOrientationLandscapeRight";
				INFOPLIST_KEY_UISupportedInterfaceOrientations_iPhone = "UIInterfaceOrientationPortrait UIInterfaceOrientationLandscapeLeft UIInterfaceOrientationLandscapeRight";
				IPHONEOS_DEPLOYMENT_TARGET = 15.0;
				LD_RUNPATH_SEARCH_PATHS = (
					"$(inherited)",
					"@executable_path/Frameworks",
				);
				MARKETING_VERSION = 1.0.1;
				PRODUCT_BUNDLE_IDENTIFIER = "kr.co.markcloud.TCA-Test";
				PRODUCT_NAME = "$(TARGET_NAME)";
				SUPPORTED_PLATFORMS = "iphoneos iphonesimulator";
				SUPPORTS_MACCATALYST = NO;
				SUPPORTS_MAC_DESIGNED_FOR_IPHONE_IPAD = NO;
				SWIFT_EMIT_LOC_STRINGS = YES;
				SWIFT_VERSION = 5.0;
				TARGETED_DEVICE_FAMILY = "1,2";
			};
			name = Release;
		};
		5B2C9A7C292C549C00AE4007 /* Debug */ = {
			isa = XCBuildConfiguration;
			buildSettings = {
				ALWAYS_EMBED_SWIFT_STANDARD_LIBRARIES = YES;
				BUNDLE_LOADER = "$(TEST_HOST)";
				CODE_SIGN_STYLE = Automatic;
				CURRENT_PROJECT_VERSION = 1;
				DEVELOPMENT_TEAM = R8V4BKKVQ5;
				GENERATE_INFOPLIST_FILE = YES;
				IPHONEOS_DEPLOYMENT_TARGET = 16.1;
				MARKETING_VERSION = 1.0;
				PRODUCT_BUNDLE_IDENTIFIER = "kr.co.markcloud.TCA-TestTests";
				PRODUCT_NAME = "$(TARGET_NAME)";
				SWIFT_EMIT_LOC_STRINGS = NO;
				SWIFT_VERSION = 5.0;
				TARGETED_DEVICE_FAMILY = "1,2";
				TEST_HOST = "$(BUILT_PRODUCTS_DIR)/TCA_Test.app/$(BUNDLE_EXECUTABLE_FOLDER_PATH)/TCA_Test";
			};
			name = Debug;
		};
		5B2C9A7D292C549C00AE4007 /* Release */ = {
			isa = XCBuildConfiguration;
			buildSettings = {
				ALWAYS_EMBED_SWIFT_STANDARD_LIBRARIES = YES;
				BUNDLE_LOADER = "$(TEST_HOST)";
				CODE_SIGN_STYLE = Automatic;
				CURRENT_PROJECT_VERSION = 1;
				DEVELOPMENT_TEAM = R8V4BKKVQ5;
				GENERATE_INFOPLIST_FILE = YES;
				IPHONEOS_DEPLOYMENT_TARGET = 16.1;
				MARKETING_VERSION = 1.0;
				PRODUCT_BUNDLE_IDENTIFIER = "kr.co.markcloud.TCA-TestTests";
				PRODUCT_NAME = "$(TARGET_NAME)";
				SWIFT_EMIT_LOC_STRINGS = NO;
				SWIFT_VERSION = 5.0;
				TARGETED_DEVICE_FAMILY = "1,2";
				TEST_HOST = "$(BUILT_PRODUCTS_DIR)/TCA_Test.app/$(BUNDLE_EXECUTABLE_FOLDER_PATH)/TCA_Test";
			};
			name = Release;
		};
		5B2C9A7F292C549C00AE4007 /* Debug */ = {
			isa = XCBuildConfiguration;
			buildSettings = {
				ALWAYS_EMBED_SWIFT_STANDARD_LIBRARIES = YES;
				CODE_SIGN_STYLE = Automatic;
				CURRENT_PROJECT_VERSION = 1;
				DEVELOPMENT_TEAM = R8V4BKKVQ5;
				GENERATE_INFOPLIST_FILE = YES;
				MARKETING_VERSION = 1.0;
				PRODUCT_BUNDLE_IDENTIFIER = "kr.co.markcloud.TCA-TestUITests";
				PRODUCT_NAME = "$(TARGET_NAME)";
				SWIFT_EMIT_LOC_STRINGS = NO;
				SWIFT_VERSION = 5.0;
				TARGETED_DEVICE_FAMILY = "1,2";
				TEST_TARGET_NAME = TCA_Test;
			};
			name = Debug;
		};
		5B2C9A80292C549C00AE4007 /* Release */ = {
			isa = XCBuildConfiguration;
			buildSettings = {
				ALWAYS_EMBED_SWIFT_STANDARD_LIBRARIES = YES;
				CODE_SIGN_STYLE = Automatic;
				CURRENT_PROJECT_VERSION = 1;
				DEVELOPMENT_TEAM = R8V4BKKVQ5;
				GENERATE_INFOPLIST_FILE = YES;
				MARKETING_VERSION = 1.0;
				PRODUCT_BUNDLE_IDENTIFIER = "kr.co.markcloud.TCA-TestUITests";
				PRODUCT_NAME = "$(TARGET_NAME)";
				SWIFT_EMIT_LOC_STRINGS = NO;
				SWIFT_VERSION = 5.0;
				TARGETED_DEVICE_FAMILY = "1,2";
				TEST_TARGET_NAME = TCA_Test;
			};
			name = Release;
		};
/* End XCBuildConfiguration section */

/* Begin XCConfigurationList section */
		5B2C9A4F292C549900AE4007 /* Build configuration list for PBXProject "TCA_Test" */ = {
			isa = XCConfigurationList;
			buildConfigurations = (
				5B2C9A76292C549C00AE4007 /* Debug */,
				5B2C9A77292C549C00AE4007 /* Release */,
			);
			defaultConfigurationIsVisible = 0;
			defaultConfigurationName = Release;
		};
		5B2C9A78292C549C00AE4007 /* Build configuration list for PBXNativeTarget "TCA_Test" */ = {
			isa = XCConfigurationList;
			buildConfigurations = (
				5B2C9A79292C549C00AE4007 /* Debug */,
				5B2C9A7A292C549C00AE4007 /* Release */,
			);
			defaultConfigurationIsVisible = 0;
			defaultConfigurationName = Release;
		};
		5B2C9A7B292C549C00AE4007 /* Build configuration list for PBXNativeTarget "TCA_TestTests" */ = {
			isa = XCConfigurationList;
			buildConfigurations = (
				5B2C9A7C292C549C00AE4007 /* Debug */,
				5B2C9A7D292C549C00AE4007 /* Release */,
			);
			defaultConfigurationIsVisible = 0;
			defaultConfigurationName = Release;
		};
		5B2C9A7E292C549C00AE4007 /* Build configuration list for PBXNativeTarget "TCA_TestUITests" */ = {
			isa = XCConfigurationList;
			buildConfigurations = (
				5B2C9A7F292C549C00AE4007 /* Debug */,
				5B2C9A80292C549C00AE4007 /* Release */,
			);
			defaultConfigurationIsVisible = 0;
			defaultConfigurationName = Release;
		};
/* End XCConfigurationList section */

/* Begin XCRemoteSwiftPackageReference section */
		5B2C9A81292C554000AE4007 /* XCRemoteSwiftPackageReference "swift-composable-architecture" */ = {
			isa = XCRemoteSwiftPackageReference;
			repositoryURL = "https://github.com/pointfreeco/swift-composable-architecture.git";
			requirement = {
				branch = main;
				kind = branch;
			};
		};
		5B2C9A86292C555C00AE4007 /* XCRemoteSwiftPackageReference "TCACoordinators" */ = {
			isa = XCRemoteSwiftPackageReference;
			repositoryURL = "https://github.com/johnpatrickmorgan/TCACoordinators.git";
			requirement = {
				branch = main;
				kind = branch;
			};
		};
/* End XCRemoteSwiftPackageReference section */

/* Begin XCSwiftPackageProductDependency section */
		5B2C9A82292C554000AE4007 /* ComposableArchitecture */ = {
			isa = XCSwiftPackageProductDependency;
			package = 5B2C9A81292C554000AE4007 /* XCRemoteSwiftPackageReference "swift-composable-architecture" */;
			productName = ComposableArchitecture;
		};
		5B2C9A84292C554000AE4007 /* Dependencies */ = {
			isa = XCSwiftPackageProductDependency;
			package = 5B2C9A81292C554000AE4007 /* XCRemoteSwiftPackageReference "swift-composable-architecture" */;
			productName = Dependencies;
		};
		5B2C9A87292C555C00AE4007 /* TCACoordinators */ = {
			isa = XCSwiftPackageProductDependency;
			package = 5B2C9A86292C555C00AE4007 /* XCRemoteSwiftPackageReference "TCACoordinators" */;
			productName = TCACoordinators;
		};
/* End XCSwiftPackageProductDependency section */
	};
	rootObject = 5B2C9A4C292C549900AE4007 /* Project object */;
}
